// !$*UTF8*$!
{
	archiveVersion = 1;
	classes = {
	};
	objectVersion = 46;
	objects = {

/* Begin PBXBuildFile section */
		764C70681A0C7B730044D53E /* DecodeReceipt.m in Sources */ = {isa = PBXBuildFile; fileRef = 764C70671A0C7B730044D53E /* DecodeReceipt.m */; };
		7688DBE31A00B3B90063D3FF /* libcrypto.a in Frameworks */ = {isa = PBXBuildFile; fileRef = 7688DBE11A00B3B90063D3FF /* libcrypto.a */; };
		7688DBE41A00B3B90063D3FF /* libssl.a in Frameworks */ = {isa = PBXBuildFile; fileRef = 7688DBE21A00B3B90063D3FF /* libssl.a */; };
		7688DC1D1A00C0640063D3FF /* asn_codecs_prim.c in Sources */ = {isa = PBXBuildFile; fileRef = 7688DBE81A00C0640063D3FF /* asn_codecs_prim.c */; };
		7688DC1E1A00C0640063D3FF /* asn_SET_OF.c in Sources */ = {isa = PBXBuildFile; fileRef = 7688DBEB1A00C0640063D3FF /* asn_SET_OF.c */; };
		7688DC1F1A00C0640063D3FF /* ber_decoder.c in Sources */ = {isa = PBXBuildFile; fileRef = 7688DBEE1A00C0640063D3FF /* ber_decoder.c */; };
		7688DC201A00C0640063D3FF /* ber_tlv_length.c in Sources */ = {isa = PBXBuildFile; fileRef = 7688DBF01A00C0640063D3FF /* ber_tlv_length.c */; };
		7688DC211A00C0640063D3FF /* ber_tlv_tag.c in Sources */ = {isa = PBXBuildFile; fileRef = 7688DBF21A00C0640063D3FF /* ber_tlv_tag.c */; };
		7688DC221A00C0640063D3FF /* BIT_STRING.c in Sources */ = {isa = PBXBuildFile; fileRef = 7688DBF41A00C0640063D3FF /* BIT_STRING.c */; };
		7688DC231A00C0640063D3FF /* constr_SEQUENCE.c in Sources */ = {isa = PBXBuildFile; fileRef = 7688DBF61A00C0640063D3FF /* constr_SEQUENCE.c */; };
		7688DC241A00C0640063D3FF /* constr_SET_OF.c in Sources */ = {isa = PBXBuildFile; fileRef = 7688DBF81A00C0640063D3FF /* constr_SET_OF.c */; };
		7688DC251A00C0640063D3FF /* constr_TYPE.c in Sources */ = {isa = PBXBuildFile; fileRef = 7688DBFA1A00C0640063D3FF /* constr_TYPE.c */; };
		7688DC261A00C0640063D3FF /* constraints.c in Sources */ = {isa = PBXBuildFile; fileRef = 7688DBFC1A00C0640063D3FF /* constraints.c */; };
		7688DC281A00C0640063D3FF /* der_encoder.c in Sources */ = {isa = PBXBuildFile; fileRef = 7688DBFF1A00C0640063D3FF /* der_encoder.c */; };
		7688DC291A00C0640063D3FF /* INTEGER.c in Sources */ = {isa = PBXBuildFile; fileRef = 7688DC011A00C0640063D3FF /* INTEGER.c */; };
		7688DC2B1A00C0640063D3FF /* NativeEnumerated.c in Sources */ = {isa = PBXBuildFile; fileRef = 7688DC041A00C0640063D3FF /* NativeEnumerated.c */; };
		7688DC2C1A00C0640063D3FF /* NativeInteger.c in Sources */ = {isa = PBXBuildFile; fileRef = 7688DC061A00C0640063D3FF /* NativeInteger.c */; };
		7688DC2D1A00C0640063D3FF /* OCTET_STRING.c in Sources */ = {isa = PBXBuildFile; fileRef = 7688DC081A00C0640063D3FF /* OCTET_STRING.c */; };
		7688DC2E1A00C0640063D3FF /* Payload.c in Sources */ = {isa = PBXBuildFile; fileRef = 7688DC0A1A00C0640063D3FF /* Payload.c */; };
		7688DC2F1A00C0640063D3FF /* payload_asn.txt in Resources */ = {isa = PBXBuildFile; fileRef = 7688DC0C1A00C0640063D3FF /* payload_asn.txt */; };
		7688DC301A00C0640063D3FF /* per_decoder.c in Sources */ = {isa = PBXBuildFile; fileRef = 7688DC0D1A00C0640063D3FF /* per_decoder.c */; };
		7688DC311A00C0640063D3FF /* per_encoder.c in Sources */ = {isa = PBXBuildFile; fileRef = 7688DC0F1A00C0640063D3FF /* per_encoder.c */; };
		7688DC321A00C0640063D3FF /* per_opentype.c in Sources */ = {isa = PBXBuildFile; fileRef = 7688DC111A00C0640063D3FF /* per_opentype.c */; };
		7688DC331A00C0640063D3FF /* per_support.c in Sources */ = {isa = PBXBuildFile; fileRef = 7688DC131A00C0640063D3FF /* per_support.c */; };
		7688DC341A00C0640063D3FF /* ReceiptAttribute.c in Sources */ = {isa = PBXBuildFile; fileRef = 7688DC151A00C0640063D3FF /* ReceiptAttribute.c */; };
		7688DC351A00C0640063D3FF /* xer_decoder.c in Sources */ = {isa = PBXBuildFile; fileRef = 7688DC171A00C0640063D3FF /* xer_decoder.c */; };
		7688DC361A00C0640063D3FF /* xer_encoder.c in Sources */ = {isa = PBXBuildFile; fileRef = 7688DC191A00C0640063D3FF /* xer_encoder.c */; };
		7688DC371A00C0640063D3FF /* xer_support.c in Sources */ = {isa = PBXBuildFile; fileRef = 7688DC1B1A00C0640063D3FF /* xer_support.c */; };
		76E197351A00A19A008D7094 /* CheckReceipt.m in Sources */ = {isa = PBXBuildFile; fileRef = 76E197341A00A19A008D7094 /* CheckReceipt.m */; };
		76E5A9331A09C48300C75BA0 /* AppleIncRootCertificate.cer in Resources */ = {isa = PBXBuildFile; fileRef = 76E5A9321A09C48300C75BA0 /* AppleIncRootCertificate.cer */; };
		76F8666419FF57C600D373A2 /* main.m in Sources */ = {isa = PBXBuildFile; fileRef = 76F8666319FF57C600D373A2 /* main.m */; };
		76F8666719FF57C600D373A2 /* AppDelegate.m in Sources */ = {isa = PBXBuildFile; fileRef = 76F8666619FF57C600D373A2 /* AppDelegate.m */; };
		76F8666A19FF57C600D373A2 /* ViewController.m in Sources */ = {isa = PBXBuildFile; fileRef = 76F8666919FF57C600D373A2 /* ViewController.m */; };
		76F8666D19FF57C600D373A2 /* Main.storyboard in Resources */ = {isa = PBXBuildFile; fileRef = 76F8666B19FF57C600D373A2 /* Main.storyboard */; };
		76F8666F19FF57C600D373A2 /* Images.xcassets in Resources */ = {isa = PBXBuildFile; fileRef = 76F8666E19FF57C600D373A2 /* Images.xcassets */; };
		76F8667219FF57C600D373A2 /* LaunchScreen.xib in Resources */ = {isa = PBXBuildFile; fileRef = 76F8667019FF57C600D373A2 /* LaunchScreen.xib */; };
		76F8667E19FF57C600D373A2 /* InAppPurchase_TestTests.m in Sources */ = {isa = PBXBuildFile; fileRef = 76F8667D19FF57C600D373A2 /* InAppPurchase_TestTests.m */; };
		76F8668819FF57D300D373A2 /* StoreKit.framework in Frameworks */ = {isa = PBXBuildFile; fileRef = 76F8668719FF57D300D373A2 /* StoreKit.framework */; };
/* End PBXBuildFile section */

/* Begin PBXContainerItemProxy section */
		76F8667819FF57C600D373A2 /* PBXContainerItemProxy */ = {
			isa = PBXContainerItemProxy;
			containerPortal = 76F8665619FF57C600D373A2 /* Project object */;
			proxyType = 1;
			remoteGlobalIDString = 76F8665D19FF57C600D373A2;
			remoteInfo = InAppPurchase_Test;
		};
/* End PBXContainerItemProxy section */

/* Begin PBXFileReference section */
		764C70661A0C7B730044D53E /* DecodeReceipt.h */ = {isa = PBXFileReference; fileEncoding = 4; lastKnownFileType = sourcecode.c.h; path = DecodeReceipt.h; sourceTree = "<group>"; };
		764C70671A0C7B730044D53E /* DecodeReceipt.m */ = {isa = PBXFileReference; fileEncoding = 4; lastKnownFileType = sourcecode.c.objc; path = DecodeReceipt.m; sourceTree = "<group>"; };
		7688DBE11A00B3B90063D3FF /* libcrypto.a */ = {isa = PBXFileReference; lastKnownFileType = archive.ar; path = libcrypto.a; sourceTree = "<group>"; };
		7688DBE21A00B3B90063D3FF /* libssl.a */ = {isa = PBXFileReference; lastKnownFileType = archive.ar; path = libssl.a; sourceTree = "<group>"; };
		7688DBE61A00C0640063D3FF /* asn_application.h */ = {isa = PBXFileReference; fileEncoding = 4; lastKnownFileType = sourcecode.c.h; path = asn_application.h; sourceTree = "<group>"; };
		7688DBE71A00C0640063D3FF /* asn_codecs.h */ = {isa = PBXFileReference; fileEncoding = 4; lastKnownFileType = sourcecode.c.h; path = asn_codecs.h; sourceTree = "<group>"; };
		7688DBE81A00C0640063D3FF /* asn_codecs_prim.c */ = {isa = PBXFileReference; fileEncoding = 4; lastKnownFileType = sourcecode.c.c; path = asn_codecs_prim.c; sourceTree = "<group>"; };
		7688DBE91A00C0640063D3FF /* asn_codecs_prim.h */ = {isa = PBXFileReference; fileEncoding = 4; lastKnownFileType = sourcecode.c.h; path = asn_codecs_prim.h; sourceTree = "<group>"; };
		7688DBEA1A00C0640063D3FF /* asn_internal.h */ = {isa = PBXFileReference; fileEncoding = 4; lastKnownFileType = sourcecode.c.h; path = asn_internal.h; sourceTree = "<group>"; };
		7688DBEB1A00C0640063D3FF /* asn_SET_OF.c */ = {isa = PBXFileReference; fileEncoding = 4; lastKnownFileType = sourcecode.c.c; path = asn_SET_OF.c; sourceTree = "<group>"; };
		7688DBEC1A00C0640063D3FF /* asn_SET_OF.h */ = {isa = PBXFileReference; fileEncoding = 4; lastKnownFileType = sourcecode.c.h; path = asn_SET_OF.h; sourceTree = "<group>"; };
		7688DBED1A00C0640063D3FF /* asn_system.h */ = {isa = PBXFileReference; fileEncoding = 4; lastKnownFileType = sourcecode.c.h; path = asn_system.h; sourceTree = "<group>"; };
		7688DBEE1A00C0640063D3FF /* ber_decoder.c */ = {isa = PBXFileReference; fileEncoding = 4; lastKnownFileType = sourcecode.c.c; path = ber_decoder.c; sourceTree = "<group>"; };
		7688DBEF1A00C0640063D3FF /* ber_decoder.h */ = {isa = PBXFileReference; fileEncoding = 4; lastKnownFileType = sourcecode.c.h; path = ber_decoder.h; sourceTree = "<group>"; };
		7688DBF01A00C0640063D3FF /* ber_tlv_length.c */ = {isa = PBXFileReference; fileEncoding = 4; lastKnownFileType = sourcecode.c.c; path = ber_tlv_length.c; sourceTree = "<group>"; };
		7688DBF11A00C0640063D3FF /* ber_tlv_length.h */ = {isa = PBXFileReference; fileEncoding = 4; lastKnownFileType = sourcecode.c.h; path = ber_tlv_length.h; sourceTree = "<group>"; };
		7688DBF21A00C0640063D3FF /* ber_tlv_tag.c */ = {isa = PBXFileReference; fileEncoding = 4; lastKnownFileType = sourcecode.c.c; path = ber_tlv_tag.c; sourceTree = "<group>"; };
		7688DBF31A00C0640063D3FF /* ber_tlv_tag.h */ = {isa = PBXFileReference; fileEncoding = 4; lastKnownFileType = sourcecode.c.h; path = ber_tlv_tag.h; sourceTree = "<group>"; };
		7688DBF41A00C0640063D3FF /* BIT_STRING.c */ = {isa = PBXFileReference; fileEncoding = 4; lastKnownFileType = sourcecode.c.c; path = BIT_STRING.c; sourceTree = "<group>"; };
		7688DBF51A00C0640063D3FF /* BIT_STRING.h */ = {isa = PBXFileReference; fileEncoding = 4; lastKnownFileType = sourcecode.c.h; path = BIT_STRING.h; sourceTree = "<group>"; };
		7688DBF61A00C0640063D3FF /* constr_SEQUENCE.c */ = {isa = PBXFileReference; fileEncoding = 4; lastKnownFileType = sourcecode.c.c; path = constr_SEQUENCE.c; sourceTree = "<group>"; };
		7688DBF71A00C0640063D3FF /* constr_SEQUENCE.h */ = {isa = PBXFileReference; fileEncoding = 4; lastKnownFileType = sourcecode.c.h; path = constr_SEQUENCE.h; sourceTree = "<group>"; };
		7688DBF81A00C0640063D3FF /* constr_SET_OF.c */ = {isa = PBXFileReference; fileEncoding = 4; lastKnownFileType = sourcecode.c.c; path = constr_SET_OF.c; sourceTree = "<group>"; };
		7688DBF91A00C0640063D3FF /* constr_SET_OF.h */ = {isa = PBXFileReference; fileEncoding = 4; lastKnownFileType = sourcecode.c.h; path = constr_SET_OF.h; sourceTree = "<group>"; };
		7688DBFA1A00C0640063D3FF /* constr_TYPE.c */ = {isa = PBXFileReference; fileEncoding = 4; lastKnownFileType = sourcecode.c.c; path = constr_TYPE.c; sourceTree = "<group>"; };
		7688DBFB1A00C0640063D3FF /* constr_TYPE.h */ = {isa = PBXFileReference; fileEncoding = 4; lastKnownFileType = sourcecode.c.h; path = constr_TYPE.h; sourceTree = "<group>"; };
		7688DBFC1A00C0640063D3FF /* constraints.c */ = {isa = PBXFileReference; fileEncoding = 4; lastKnownFileType = sourcecode.c.c; path = constraints.c; sourceTree = "<group>"; };
		7688DBFD1A00C0640063D3FF /* constraints.h */ = {isa = PBXFileReference; fileEncoding = 4; lastKnownFileType = sourcecode.c.h; path = constraints.h; sourceTree = "<group>"; };
		7688DBFF1A00C0640063D3FF /* der_encoder.c */ = {isa = PBXFileReference; fileEncoding = 4; lastKnownFileType = sourcecode.c.c; path = der_encoder.c; sourceTree = "<group>"; };
		7688DC001A00C0640063D3FF /* der_encoder.h */ = {isa = PBXFileReference; fileEncoding = 4; lastKnownFileType = sourcecode.c.h; path = der_encoder.h; sourceTree = "<group>"; };
		7688DC011A00C0640063D3FF /* INTEGER.c */ = {isa = PBXFileReference; fileEncoding = 4; lastKnownFileType = sourcecode.c.c; path = INTEGER.c; sourceTree = "<group>"; };
		7688DC021A00C0640063D3FF /* INTEGER.h */ = {isa = PBXFileReference; fileEncoding = 4; lastKnownFileType = sourcecode.c.h; path = INTEGER.h; sourceTree = "<group>"; };
		7688DC041A00C0640063D3FF /* NativeEnumerated.c */ = {isa = PBXFileReference; fileEncoding = 4; lastKnownFileType = sourcecode.c.c; path = NativeEnumerated.c; sourceTree = "<group>"; };
		7688DC051A00C0640063D3FF /* NativeEnumerated.h */ = {isa = PBXFileReference; fileEncoding = 4; lastKnownFileType = sourcecode.c.h; path = NativeEnumerated.h; sourceTree = "<group>"; };
		7688DC061A00C0640063D3FF /* NativeInteger.c */ = {isa = PBXFileReference; fileEncoding = 4; lastKnownFileType = sourcecode.c.c; path = NativeInteger.c; sourceTree = "<group>"; };
		7688DC071A00C0640063D3FF /* NativeInteger.h */ = {isa = PBXFileReference; fileEncoding = 4; lastKnownFileType = sourcecode.c.h; path = NativeInteger.h; sourceTree = "<group>"; };
		7688DC081A00C0640063D3FF /* OCTET_STRING.c */ = {isa = PBXFileReference; fileEncoding = 4; lastKnownFileType = sourcecode.c.c; path = OCTET_STRING.c; sourceTree = "<group>"; };
		7688DC091A00C0640063D3FF /* OCTET_STRING.h */ = {isa = PBXFileReference; fileEncoding = 4; lastKnownFileType = sourcecode.c.h; path = OCTET_STRING.h; sourceTree = "<group>"; };
		7688DC0A1A00C0640063D3FF /* Payload.c */ = {isa = PBXFileReference; fileEncoding = 4; lastKnownFileType = sourcecode.c.c; path = Payload.c; sourceTree = "<group>"; };
		7688DC0B1A00C0640063D3FF /* Payload.h */ = {isa = PBXFileReference; fileEncoding = 4; lastKnownFileType = sourcecode.c.h; path = Payload.h; sourceTree = "<group>"; };
		7688DC0C1A00C0640063D3FF /* payload_asn.txt */ = {isa = PBXFileReference; fileEncoding = 4; lastKnownFileType = text; path = payload_asn.txt; sourceTree = "<group>"; };
		7688DC0D1A00C0640063D3FF /* per_decoder.c */ = {isa = PBXFileReference; fileEncoding = 4; lastKnownFileType = sourcecode.c.c; path = per_decoder.c; sourceTree = "<group>"; };
		7688DC0E1A00C0640063D3FF /* per_decoder.h */ = {isa = PBXFileReference; fileEncoding = 4; lastKnownFileType = sourcecode.c.h; path = per_decoder.h; sourceTree = "<group>"; };
		7688DC0F1A00C0640063D3FF /* per_encoder.c */ = {isa = PBXFileReference; fileEncoding = 4; lastKnownFileType = sourcecode.c.c; path = per_encoder.c; sourceTree = "<group>"; };
		7688DC101A00C0640063D3FF /* per_encoder.h */ = {isa = PBXFileReference; fileEncoding = 4; lastKnownFileType = sourcecode.c.h; path = per_encoder.h; sourceTree = "<group>"; };
		7688DC111A00C0640063D3FF /* per_opentype.c */ = {isa = PBXFileReference; fileEncoding = 4; lastKnownFileType = sourcecode.c.c; path = per_opentype.c; sourceTree = "<group>"; };
		7688DC121A00C0640063D3FF /* per_opentype.h */ = {isa = PBXFileReference; fileEncoding = 4; lastKnownFileType = sourcecode.c.h; path = per_opentype.h; sourceTree = "<group>"; };
		7688DC131A00C0640063D3FF /* per_support.c */ = {isa = PBXFileReference; fileEncoding = 4; lastKnownFileType = sourcecode.c.c; path = per_support.c; sourceTree = "<group>"; };
		7688DC141A00C0640063D3FF /* per_support.h */ = {isa = PBXFileReference; fileEncoding = 4; lastKnownFileType = sourcecode.c.h; path = per_support.h; sourceTree = "<group>"; };
		7688DC151A00C0640063D3FF /* ReceiptAttribute.c */ = {isa = PBXFileReference; fileEncoding = 4; lastKnownFileType = sourcecode.c.c; path = ReceiptAttribute.c; sourceTree = "<group>"; };
		7688DC161A00C0640063D3FF /* ReceiptAttribute.h */ = {isa = PBXFileReference; fileEncoding = 4; lastKnownFileType = sourcecode.c.h; path = ReceiptAttribute.h; sourceTree = "<group>"; };
		7688DC171A00C0640063D3FF /* xer_decoder.c */ = {isa = PBXFileReference; fileEncoding = 4; lastKnownFileType = sourcecode.c.c; path = xer_decoder.c; sourceTree = "<group>"; };
		7688DC181A00C0640063D3FF /* xer_decoder.h */ = {isa = PBXFileReference; fileEncoding = 4; lastKnownFileType = sourcecode.c.h; path = xer_decoder.h; sourceTree = "<group>"; };
		7688DC191A00C0640063D3FF /* xer_encoder.c */ = {isa = PBXFileReference; fileEncoding = 4; lastKnownFileType = sourcecode.c.c; path = xer_encoder.c; sourceTree = "<group>"; };
		7688DC1A1A00C0640063D3FF /* xer_encoder.h */ = {isa = PBXFileReference; fileEncoding = 4; lastKnownFileType = sourcecode.c.h; path = xer_encoder.h; sourceTree = "<group>"; };
		7688DC1B1A00C0640063D3FF /* xer_support.c */ = {isa = PBXFileReference; fileEncoding = 4; lastKnownFileType = sourcecode.c.c; path = xer_support.c; sourceTree = "<group>"; };
		7688DC1C1A00C0640063D3FF /* xer_support.h */ = {isa = PBXFileReference; fileEncoding = 4; lastKnownFileType = sourcecode.c.h; path = xer_support.h; sourceTree = "<group>"; };
		76E197331A00A19A008D7094 /* CheckReceipt.h */ = {isa = PBXFileReference; fileEncoding = 4; lastKnownFileType = sourcecode.c.h; path = CheckReceipt.h; sourceTree = "<group>"; };
		76E197341A00A19A008D7094 /* CheckReceipt.m */ = {isa = PBXFileReference; fileEncoding = 4; lastKnownFileType = sourcecode.c.objc; path = CheckReceipt.m; sourceTree = "<group>"; };
		76E5A9321A09C48300C75BA0 /* AppleIncRootCertificate.cer */ = {isa = PBXFileReference; lastKnownFileType = file; path = AppleIncRootCertificate.cer; sourceTree = "<group>"; };
		76F8665E19FF57C600D373A2 /* InAppPurchase_Test.app */ = {isa = PBXFileReference; explicitFileType = wrapper.application; includeInIndex = 0; path = InAppPurchase_Test.app; sourceTree = BUILT_PRODUCTS_DIR; };
		76F8666219FF57C600D373A2 /* Info.plist */ = {isa = PBXFileReference; lastKnownFileType = text.plist.xml; path = Info.plist; sourceTree = "<group>"; };
		76F8666319FF57C600D373A2 /* main.m */ = {isa = PBXFileReference; lastKnownFileType = sourcecode.c.objc; path = main.m; sourceTree = "<group>"; };
		76F8666519FF57C600D373A2 /* AppDelegate.h */ = {isa = PBXFileReference; lastKnownFileType = sourcecode.c.h; path = AppDelegate.h; sourceTree = "<group>"; };
		76F8666619FF57C600D373A2 /* AppDelegate.m */ = {isa = PBXFileReference; lastKnownFileType = sourcecode.c.objc; path = AppDelegate.m; sourceTree = "<group>"; };
		76F8666819FF57C600D373A2 /* ViewController.h */ = {isa = PBXFileReference; lastKnownFileType = sourcecode.c.h; path = ViewController.h; sourceTree = "<group>"; };
		76F8666919FF57C600D373A2 /* ViewController.m */ = {isa = PBXFileReference; lastKnownFileType = sourcecode.c.objc; path = ViewController.m; sourceTree = "<group>"; };
		76F8666C19FF57C600D373A2 /* Base */ = {isa = PBXFileReference; lastKnownFileType = file.storyboard; name = Base; path = Base.lproj/Main.storyboard; sourceTree = "<group>"; };
		76F8666E19FF57C600D373A2 /* Images.xcassets */ = {isa = PBXFileReference; lastKnownFileType = folder.assetcatalog; path = Images.xcassets; sourceTree = "<group>"; };
		76F8667119FF57C600D373A2 /* Base */ = {isa = PBXFileReference; lastKnownFileType = file.xib; name = Base; path = Base.lproj/LaunchScreen.xib; sourceTree = "<group>"; };
		76F8667719FF57C600D373A2 /* InAppPurchase_TestTests.xctest */ = {isa = PBXFileReference; explicitFileType = wrapper.cfbundle; includeInIndex = 0; path = InAppPurchase_TestTests.xctest; sourceTree = BUILT_PRODUCTS_DIR; };
		76F8667C19FF57C600D373A2 /* Info.plist */ = {isa = PBXFileReference; lastKnownFileType = text.plist.xml; path = Info.plist; sourceTree = "<group>"; };
		76F8667D19FF57C600D373A2 /* InAppPurchase_TestTests.m */ = {isa = PBXFileReference; lastKnownFileType = sourcecode.c.objc; path = InAppPurchase_TestTests.m; sourceTree = "<group>"; };
		76F8668719FF57D300D373A2 /* StoreKit.framework */ = {isa = PBXFileReference; lastKnownFileType = wrapper.framework; name = StoreKit.framework; path = System/Library/Frameworks/StoreKit.framework; sourceTree = SDKROOT; };
/* End PBXFileReference section */

/* Begin PBXFrameworksBuildPhase section */
		76F8665B19FF57C600D373A2 /* Frameworks */ = {
			isa = PBXFrameworksBuildPhase;
			buildActionMask = 2147483647;
			files = (
				7688DBE31A00B3B90063D3FF /* libcrypto.a in Frameworks */,
				76F8668819FF57D300D373A2 /* StoreKit.framework in Frameworks */,
				7688DBE41A00B3B90063D3FF /* libssl.a in Frameworks */,
			);
			runOnlyForDeploymentPostprocessing = 0;
		};
		76F8667419FF57C600D373A2 /* Frameworks */ = {
			isa = PBXFrameworksBuildPhase;
			buildActionMask = 2147483647;
			files = (
			);
			runOnlyForDeploymentPostprocessing = 0;
		};
/* End PBXFrameworksBuildPhase section */

/* Begin PBXGroup section */
		7688DBE51A00C0640063D3FF /* asn */ = {
			isa = PBXGroup;
			children = (
				7688DBE61A00C0640063D3FF /* asn_application.h */,
				7688DBE71A00C0640063D3FF /* asn_codecs.h */,
				7688DBE81A00C0640063D3FF /* asn_codecs_prim.c */,
				7688DBE91A00C0640063D3FF /* asn_codecs_prim.h */,
				7688DBEA1A00C0640063D3FF /* asn_internal.h */,
				7688DBEB1A00C0640063D3FF /* asn_SET_OF.c */,
				7688DBEC1A00C0640063D3FF /* asn_SET_OF.h */,
				7688DBED1A00C0640063D3FF /* asn_system.h */,
				7688DBEE1A00C0640063D3FF /* ber_decoder.c */,
				7688DBEF1A00C0640063D3FF /* ber_decoder.h */,
				7688DBF01A00C0640063D3FF /* ber_tlv_length.c */,
				7688DBF11A00C0640063D3FF /* ber_tlv_length.h */,
				7688DBF21A00C0640063D3FF /* ber_tlv_tag.c */,
				7688DBF31A00C0640063D3FF /* ber_tlv_tag.h */,
				7688DBF41A00C0640063D3FF /* BIT_STRING.c */,
				7688DBF51A00C0640063D3FF /* BIT_STRING.h */,
				7688DBF61A00C0640063D3FF /* constr_SEQUENCE.c */,
				7688DBF71A00C0640063D3FF /* constr_SEQUENCE.h */,
				7688DBF81A00C0640063D3FF /* constr_SET_OF.c */,
				7688DBF91A00C0640063D3FF /* constr_SET_OF.h */,
				7688DBFA1A00C0640063D3FF /* constr_TYPE.c */,
				7688DBFB1A00C0640063D3FF /* constr_TYPE.h */,
				7688DBFC1A00C0640063D3FF /* constraints.c */,
				7688DBFD1A00C0640063D3FF /* constraints.h */,
				7688DBFF1A00C0640063D3FF /* der_encoder.c */,
				7688DC001A00C0640063D3FF /* der_encoder.h */,
				7688DC011A00C0640063D3FF /* INTEGER.c */,
				7688DC021A00C0640063D3FF /* INTEGER.h */,
				7688DC041A00C0640063D3FF /* NativeEnumerated.c */,
				7688DC051A00C0640063D3FF /* NativeEnumerated.h */,
				7688DC061A00C0640063D3FF /* NativeInteger.c */,
				7688DC071A00C0640063D3FF /* NativeInteger.h */,
				7688DC081A00C0640063D3FF /* OCTET_STRING.c */,
				7688DC091A00C0640063D3FF /* OCTET_STRING.h */,
				7688DC0A1A00C0640063D3FF /* Payload.c */,
				7688DC0B1A00C0640063D3FF /* Payload.h */,
				7688DC0C1A00C0640063D3FF /* payload_asn.txt */,
				7688DC0D1A00C0640063D3FF /* per_decoder.c */,
				7688DC0E1A00C0640063D3FF /* per_decoder.h */,
				7688DC0F1A00C0640063D3FF /* per_encoder.c */,
				7688DC101A00C0640063D3FF /* per_encoder.h */,
				7688DC111A00C0640063D3FF /* per_opentype.c */,
				7688DC121A00C0640063D3FF /* per_opentype.h */,
				7688DC131A00C0640063D3FF /* per_support.c */,
				7688DC141A00C0640063D3FF /* per_support.h */,
				7688DC151A00C0640063D3FF /* ReceiptAttribute.c */,
				7688DC161A00C0640063D3FF /* ReceiptAttribute.h */,
				7688DC171A00C0640063D3FF /* xer_decoder.c */,
				7688DC181A00C0640063D3FF /* xer_decoder.h */,
				7688DC191A00C0640063D3FF /* xer_encoder.c */,
				7688DC1A1A00C0640063D3FF /* xer_encoder.h */,
				7688DC1B1A00C0640063D3FF /* xer_support.c */,
				7688DC1C1A00C0640063D3FF /* xer_support.h */,
			);
			path = asn;
			sourceTree = "<group>";
		};
		76F8665519FF57C600D373A2 = {
			isa = PBXGroup;
			children = (
				76E5A9321A09C48300C75BA0 /* AppleIncRootCertificate.cer */,
				7688DBE51A00C0640063D3FF /* asn */,
				7688DBE11A00B3B90063D3FF /* libcrypto.a */,
				7688DBE21A00B3B90063D3FF /* libssl.a */,
				76F8668719FF57D300D373A2 /* StoreKit.framework */,
				76F8666019FF57C600D373A2 /* InAppPurchase_Test */,
				76F8667A19FF57C600D373A2 /* InAppPurchase_TestTests */,
				76F8665F19FF57C600D373A2 /* Products */,
			);
			sourceTree = "<group>";
		};
		76F8665F19FF57C600D373A2 /* Products */ = {
			isa = PBXGroup;
			children = (
				76F8665E19FF57C600D373A2 /* InAppPurchase_Test.app */,
				76F8667719FF57C600D373A2 /* InAppPurchase_TestTests.xctest */,
			);
			name = Products;
			sourceTree = "<group>";
		};
		76F8666019FF57C600D373A2 /* InAppPurchase_Test */ = {
			isa = PBXGroup;
			children = (
				76F8666519FF57C600D373A2 /* AppDelegate.h */,
				76F8666619FF57C600D373A2 /* AppDelegate.m */,
				76F8666819FF57C600D373A2 /* ViewController.h */,
				76F8666919FF57C600D373A2 /* ViewController.m */,
				76F8666B19FF57C600D373A2 /* Main.storyboard */,
				76F8666E19FF57C600D373A2 /* Images.xcassets */,
				76F8667019FF57C600D373A2 /* LaunchScreen.xib */,
				76F8666119FF57C600D373A2 /* Supporting Files */,
				76E197331A00A19A008D7094 /* CheckReceipt.h */,
				76E197341A00A19A008D7094 /* CheckReceipt.m */,
				764C70661A0C7B730044D53E /* DecodeReceipt.h */,
				764C70671A0C7B730044D53E /* DecodeReceipt.m */,
			);
			path = InAppPurchase_Test;
			sourceTree = "<group>";
		};
		76F8666119FF57C600D373A2 /* Supporting Files */ = {
			isa = PBXGroup;
			children = (
				76F8666219FF57C600D373A2 /* Info.plist */,
				76F8666319FF57C600D373A2 /* main.m */,
			);
			name = "Supporting Files";
			sourceTree = "<group>";
		};
		76F8667A19FF57C600D373A2 /* InAppPurchase_TestTests */ = {
			isa = PBXGroup;
			children = (
				76F8667D19FF57C600D373A2 /* InAppPurchase_TestTests.m */,
				76F8667B19FF57C600D373A2 /* Supporting Files */,
			);
			path = InAppPurchase_TestTests;
			sourceTree = "<group>";
		};
		76F8667B19FF57C600D373A2 /* Supporting Files */ = {
			isa = PBXGroup;
			children = (
				76F8667C19FF57C600D373A2 /* Info.plist */,
			);
			name = "Supporting Files";
			sourceTree = "<group>";
		};
/* End PBXGroup section */

/* Begin PBXNativeTarget section */
		76F8665D19FF57C600D373A2 /* InAppPurchase_Test */ = {
			isa = PBXNativeTarget;
			buildConfigurationList = 76F8668119FF57C600D373A2 /* Build configuration list for PBXNativeTarget "InAppPurchase_Test" */;
			buildPhases = (
				76F8665A19FF57C600D373A2 /* Sources */,
				76F8665B19FF57C600D373A2 /* Frameworks */,
				76F8665C19FF57C600D373A2 /* Resources */,
			);
			buildRules = (
			);
			dependencies = (
			);
			name = InAppPurchase_Test;
			productName = InAppPurchase_Test;
			productReference = 76F8665E19FF57C600D373A2 /* InAppPurchase_Test.app */;
			productType = "com.apple.product-type.application";
		};
		76F8667619FF57C600D373A2 /* InAppPurchase_TestTests */ = {
			isa = PBXNativeTarget;
			buildConfigurationList = 76F8668419FF57C600D373A2 /* Build configuration list for PBXNativeTarget "InAppPurchase_TestTests" */;
			buildPhases = (
				76F8667319FF57C600D373A2 /* Sources */,
				76F8667419FF57C600D373A2 /* Frameworks */,
				76F8667519FF57C600D373A2 /* Resources */,
			);
			buildRules = (
			);
			dependencies = (
				76F8667919FF57C600D373A2 /* PBXTargetDependency */,
			);
			name = InAppPurchase_TestTests;
			productName = InAppPurchase_TestTests;
			productReference = 76F8667719FF57C600D373A2 /* InAppPurchase_TestTests.xctest */;
			productType = "com.apple.product-type.bundle.unit-test";
		};
/* End PBXNativeTarget section */

/* Begin PBXProject section */
		76F8665619FF57C600D373A2 /* Project object */ = {
			isa = PBXProject;
			attributes = {
				LastUpgradeCheck = 0610;
				ORGANIZATIONNAME = isao;
				TargetAttributes = {
					76F8665D19FF57C600D373A2 = {
						CreatedOnToolsVersion = 6.1;
						DevelopmentTeam = UBBGY677CN;
						SystemCapabilities = {
							com.apple.InAppPurchase = {
								enabled = 1;
							};
						};
					};
					76F8667619FF57C600D373A2 = {
						CreatedOnToolsVersion = 6.1;
						DevelopmentTeam = UBBGY677CN;
						TestTargetID = 76F8665D19FF57C600D373A2;
					};
				};
			};
			buildConfigurationList = 76F8665919FF57C600D373A2 /* Build configuration list for PBXProject "InAppPurchase_Test" */;
			compatibilityVersion = "Xcode 3.2";
			developmentRegion = English;
			hasScannedForEncodings = 0;
			knownRegions = (
				en,
				Base,
			);
			mainGroup = 76F8665519FF57C600D373A2;
			productRefGroup = 76F8665F19FF57C600D373A2 /* Products */;
			projectDirPath = "";
			projectRoot = "";
			targets = (
				76F8665D19FF57C600D373A2 /* InAppPurchase_Test */,
				76F8667619FF57C600D373A2 /* InAppPurchase_TestTests */,
			);
		};
/* End PBXProject section */

/* Begin PBXResourcesBuildPhase section */
		76F8665C19FF57C600D373A2 /* Resources */ = {
			isa = PBXResourcesBuildPhase;
			buildActionMask = 2147483647;
			files = (
				7688DC2F1A00C0640063D3FF /* payload_asn.txt in Resources */,
				76F8666D19FF57C600D373A2 /* Main.storyboard in Resources */,
				76F8667219FF57C600D373A2 /* LaunchScreen.xib in Resources */,
				76E5A9331A09C48300C75BA0 /* AppleIncRootCertificate.cer in Resources */,
				76F8666F19FF57C600D373A2 /* Images.xcassets in Resources */,
			);
			runOnlyForDeploymentPostprocessing = 0;
		};
		76F8667519FF57C600D373A2 /* Resources */ = {
			isa = PBXResourcesBuildPhase;
			buildActionMask = 2147483647;
			files = (
			);
			runOnlyForDeploymentPostprocessing = 0;
		};
/* End PBXResourcesBuildPhase section */

/* Begin PBXSourcesBuildPhase section */
		76F8665A19FF57C600D373A2 /* Sources */ = {
			isa = PBXSourcesBuildPhase;
			buildActionMask = 2147483647;
			files = (
				7688DC371A00C0640063D3FF /* xer_support.c in Sources */,
				7688DC221A00C0640063D3FF /* BIT_STRING.c in Sources */,
				7688DC2C1A00C0640063D3FF /* NativeInteger.c in Sources */,
				7688DC201A00C0640063D3FF /* ber_tlv_length.c in Sources */,
				7688DC331A00C0640063D3FF /* per_support.c in Sources */,
				7688DC361A00C0640063D3FF /* xer_encoder.c in Sources */,
				7688DC211A00C0640063D3FF /* ber_tlv_tag.c in Sources */,
				7688DC231A00C0640063D3FF /* constr_SEQUENCE.c in Sources */,
				7688DC241A00C0640063D3FF /* constr_SET_OF.c in Sources */,
				76F8666A19FF57C600D373A2 /* ViewController.m in Sources */,
				76F8666719FF57C600D373A2 /* AppDelegate.m in Sources */,
				7688DC341A00C0640063D3FF /* ReceiptAttribute.c in Sources */,
				7688DC2D1A00C0640063D3FF /* OCTET_STRING.c in Sources */,
				7688DC251A00C0640063D3FF /* constr_TYPE.c in Sources */,
				7688DC281A00C0640063D3FF /* der_encoder.c in Sources */,
				7688DC261A00C0640063D3FF /* constraints.c in Sources */,
				7688DC351A00C0640063D3FF /* xer_decoder.c in Sources */,
				7688DC1E1A00C0640063D3FF /* asn_SET_OF.c in Sources */,
				7688DC1D1A00C0640063D3FF /* asn_codecs_prim.c in Sources */,
				76F8666419FF57C600D373A2 /* main.m in Sources */,
				76E197351A00A19A008D7094 /* CheckReceipt.m in Sources */,
				7688DC2B1A00C0640063D3FF /* NativeEnumerated.c in Sources */,
				7688DC321A00C0640063D3FF /* per_opentype.c in Sources */,
				7688DC301A00C0640063D3FF /* per_decoder.c in Sources */,
				7688DC2E1A00C0640063D3FF /* Payload.c in Sources */,
				764C70681A0C7B730044D53E /* DecodeReceipt.m in Sources */,
				7688DC291A00C0640063D3FF /* INTEGER.c in Sources */,
				7688DC1F1A00C0640063D3FF /* ber_decoder.c in Sources */,
				7688DC311A00C0640063D3FF /* per_encoder.c in Sources */,
			);
			runOnlyForDeploymentPostprocessing = 0;
		};
		76F8667319FF57C600D373A2 /* Sources */ = {
			isa = PBXSourcesBuildPhase;
			buildActionMask = 2147483647;
			files = (
				76F8667E19FF57C600D373A2 /* InAppPurchase_TestTests.m in Sources */,
			);
			runOnlyForDeploymentPostprocessing = 0;
		};
/* End PBXSourcesBuildPhase section */

/* Begin PBXTargetDependency section */
		76F8667919FF57C600D373A2 /* PBXTargetDependency */ = {
			isa = PBXTargetDependency;
			target = 76F8665D19FF57C600D373A2 /* InAppPurchase_Test */;
			targetProxy = 76F8667819FF57C600D373A2 /* PBXContainerItemProxy */;
		};
/* End PBXTargetDependency section */

/* Begin PBXVariantGroup section */
		76F8666B19FF57C600D373A2 /* Main.storyboard */ = {
			isa = PBXVariantGroup;
			children = (
				76F8666C19FF57C600D373A2 /* Base */,
			);
			name = Main.storyboard;
			sourceTree = "<group>";
		};
		76F8667019FF57C600D373A2 /* LaunchScreen.xib */ = {
			isa = PBXVariantGroup;
			children = (
				76F8667119FF57C600D373A2 /* Base */,
			);
			name = LaunchScreen.xib;
			sourceTree = "<group>";
		};
/* End PBXVariantGroup section */

/* Begin XCBuildConfiguration section */
		76F8667F19FF57C600D373A2 /* Debug */ = {
			isa = XCBuildConfiguration;
			buildSettings = {
				ALWAYS_SEARCH_USER_PATHS = NO;
				CLANG_CXX_LANGUAGE_STANDARD = "gnu++0x";
				CLANG_CXX_LIBRARY = "libc++";
				CLANG_ENABLE_MODULES = YES;
				CLANG_ENABLE_OBJC_ARC = YES;
				CLANG_WARN_BOOL_CONVERSION = YES;
				CLANG_WARN_CONSTANT_CONVERSION = YES;
				CLANG_WARN_DIRECT_OBJC_ISA_USAGE = YES_ERROR;
				CLANG_WARN_EMPTY_BODY = YES;
				CLANG_WARN_ENUM_CONVERSION = YES;
				CLANG_WARN_INT_CONVERSION = YES;
				CLANG_WARN_OBJC_ROOT_CLASS = YES_ERROR;
				CLANG_WARN_UNREACHABLE_CODE = YES;
				CLANG_WARN__DUPLICATE_METHOD_MATCH = YES;
				CODE_SIGN_IDENTITY = "iPhone Developer: Isao Ohta (L65J6FWE3P)";
				"CODE_SIGN_IDENTITY[sdk=iphoneos*]" = "iPhone Developer: Isao Ohta (L65J6FWE3P)";
				COPY_PHASE_STRIP = NO;
				ENABLE_STRICT_OBJC_MSGSEND = YES;
				GCC_C_LANGUAGE_STANDARD = gnu99;
				GCC_DYNAMIC_NO_PIC = NO;
				GCC_OPTIMIZATION_LEVEL = 0;
				GCC_PREPROCESSOR_DEFINITIONS = (
					"DEBUG=1",
					"$(inherited)",
				);
				GCC_SYMBOLS_PRIVATE_EXTERN = NO;
				GCC_WARN_64_TO_32_BIT_CONVERSION = YES;
				GCC_WARN_ABOUT_RETURN_TYPE = YES_ERROR;
				GCC_WARN_UNDECLARED_SELECTOR = YES;
				GCC_WARN_UNINITIALIZED_AUTOS = YES_AGGRESSIVE;
				GCC_WARN_UNUSED_FUNCTION = YES;
				GCC_WARN_UNUSED_VARIABLE = YES;
				IPHONEOS_DEPLOYMENT_TARGET = 8.1;
				MTL_ENABLE_DEBUG_INFO = YES;
				ONLY_ACTIVE_ARCH = YES;
				PROVISIONING_PROFILE = "bee5f574-bd02-490a-addc-9eadb28d44e5";
				SDKROOT = iphoneos;
			};
			name = Debug;
		};
		76F8668019FF57C600D373A2 /* Release */ = {
			isa = XCBuildConfiguration;
			buildSettings = {
				ALWAYS_SEARCH_USER_PATHS = NO;
				CLANG_CXX_LANGUAGE_STANDARD = "gnu++0x";
				CLANG_CXX_LIBRARY = "libc++";
				CLANG_ENABLE_MODULES = YES;
				CLANG_ENABLE_OBJC_ARC = YES;
				CLANG_WARN_BOOL_CONVERSION = YES;
				CLANG_WARN_CONSTANT_CONVERSION = YES;
				CLANG_WARN_DIRECT_OBJC_ISA_USAGE = YES_ERROR;
				CLANG_WARN_EMPTY_BODY = YES;
				CLANG_WARN_ENUM_CONVERSION = YES;
				CLANG_WARN_INT_CONVERSION = YES;
				CLANG_WARN_OBJC_ROOT_CLASS = YES_ERROR;
				CLANG_WARN_UNREACHABLE_CODE = YES;
				CLANG_WARN__DUPLICATE_METHOD_MATCH = YES;
				CODE_SIGN_IDENTITY = "iPhone Developer: Isao Ohta (L65J6FWE3P)";
				"CODE_SIGN_IDENTITY[sdk=iphoneos*]" = "iPhone Developer: Isao Ohta (L65J6FWE3P)";
				COPY_PHASE_STRIP = YES;
				ENABLE_NS_ASSERTIONS = NO;
				ENABLE_STRICT_OBJC_MSGSEND = YES;
				GCC_C_LANGUAGE_STANDARD = gnu99;
				GCC_WARN_64_TO_32_BIT_CONVERSION = YES;
				GCC_WARN_ABOUT_RETURN_TYPE = YES_ERROR;
				GCC_WARN_UNDECLARED_SELECTOR = YES;
				GCC_WARN_UNINITIALIZED_AUTOS = YES_AGGRESSIVE;
				GCC_WARN_UNUSED_FUNCTION = YES;
				GCC_WARN_UNUSED_VARIABLE = YES;
				IPHONEOS_DEPLOYMENT_TARGET = 8.1;
				MTL_ENABLE_DEBUG_INFO = NO;
				PROVISIONING_PROFILE = "bee5f574-bd02-490a-addc-9eadb28d44e5";
				SDKROOT = iphoneos;
				VALIDATE_PRODUCT = YES;
			};
			name = Release;
		};
		76F8668219FF57C600D373A2 /* Debug */ = {
			isa = XCBuildConfiguration;
			buildSettings = {
				ASSETCATALOG_COMPILER_APPICON_NAME = AppIcon;
				CODE_SIGN_IDENTITY = "iPhone Developer: Isao Ohta (L65J6FWE3P)";
				"CODE_SIGN_IDENTITY[sdk=iphoneos*]" = "iPhone Developer: Isao Ohta (L65J6FWE3P)";
				HEADER_SEARCH_PATHS = (
					"$(inherited)",
					/Applications/Xcode.app/Contents/Developer/Toolchains/XcodeDefault.xctoolchain/usr/include,
					"/Users/ohtaisao/Documents/XcodeUtil/OpenSSL_iPhone/OpenSSL-for-iPhone/include",
				);
				INFOPLIST_FILE = InAppPurchase_Test/Info.plist;
				LD_RUNPATH_SEARCH_PATHS = "$(inherited) @executable_path/Frameworks";
				LIBRARY_SEARCH_PATHS = (
					"$(inherited)",
					"$(PROJECT_DIR)/OpenSSL-for-iPhone/bin/iPhoneOS8.1-arm64.sdk/lib",
					"$(PROJECT_DIR)/OpenSSL-for-iPhone/bin/iPhoneOS8.1-armv7.sdk/lib",
					"$(PROJECT_DIR)/OpenSSL-for-iPhone/bin/iPhoneOS8.1-armv7s.sdk/lib",
					"$(PROJECT_DIR)/OpenSSL-for-iPhone/bin/iPhoneSimulator8.1-i386.sdk/lib",
					"$(PROJECT_DIR)/OpenSSL-for-iPhone/bin/iPhoneSimulator8.1-x86_64.sdk/lib",
					"$(PROJECT_DIR)/OpenSSL-for-iPhone/lib",
					"$(PROJECT_DIR)",
				);
				PRODUCT_NAME = "$(TARGET_NAME)";
				PROVISIONING_PROFILE = "bee5f574-bd02-490a-addc-9eadb28d44e5";
			};
			name = Debug;
		};
		76F8668319FF57C600D373A2 /* Release */ = {
			isa = XCBuildConfiguration;
			buildSettings = {
				ASSETCATALOG_COMPILER_APPICON_NAME = AppIcon;
				CODE_SIGN_IDENTITY = "iPhone Developer: Isao Ohta (L65J6FWE3P)";
				"CODE_SIGN_IDENTITY[sdk=iphoneos*]" = "iPhone Developer: Isao Ohta (L65J6FWE3P)";
				HEADER_SEARCH_PATHS = (
					"$(inherited)",
					/Applications/Xcode.app/Contents/Developer/Toolchains/XcodeDefault.xctoolchain/usr/include,
					"/Users/ohtaisao/Documents/XcodeUtil/OpenSSL_iPhone/OpenSSL-for-iPhone/include",
				);
				INFOPLIST_FILE = InAppPurchase_Test/Info.plist;
				LD_RUNPATH_SEARCH_PATHS = "$(inherited) @executable_path/Frameworks";
				LIBRARY_SEARCH_PATHS = (
					"$(inherited)",
					"$(PROJECT_DIR)/OpenSSL-for-iPhone/bin/iPhoneOS8.1-arm64.sdk/lib",
					"$(PROJECT_DIR)/OpenSSL-for-iPhone/bin/iPhoneOS8.1-armv7.sdk/lib",
					"$(PROJECT_DIR)/OpenSSL-for-iPhone/bin/iPhoneOS8.1-armv7s.sdk/lib",
					"$(PROJECT_DIR)/OpenSSL-for-iPhone/bin/iPhoneSimulator8.1-i386.sdk/lib",
					"$(PROJECT_DIR)/OpenSSL-for-iPhone/bin/iPhoneSimulator8.1-x86_64.sdk/lib",
					"$(PROJECT_DIR)/OpenSSL-for-iPhone/lib",
					"$(PROJECT_DIR)",
				);
				PRODUCT_NAME = "$(TARGET_NAME)";
				PROVISIONING_PROFILE = "bee5f574-bd02-490a-addc-9eadb28d44e5";
			};
			name = Release;
		};
		76F8668519FF57C600D373A2 /* Debug */ = {
			isa = XCBuildConfiguration;
			buildSettings = {
				BUNDLE_LOADER = "$(TEST_HOST)";
				CODE_SIGN_IDENTITY = "iPhone Developer";
				"CODE_SIGN_IDENTITY[sdk=iphoneos*]" = "iPhone Developer";
				FRAMEWORK_SEARCH_PATHS = (
					"$(SDKROOT)/Developer/Library/Frameworks",
					"$(inherited)",
				);
				GCC_PREPROCESSOR_DEFINITIONS = (
					"DEBUG=1",
					"$(inherited)",
				);
				INFOPLIST_FILE = InAppPurchase_TestTests/Info.plist;
				LD_RUNPATH_SEARCH_PATHS = "$(inherited) @executable_path/Frameworks @loader_path/Frameworks";
				PRODUCT_NAME = "$(TARGET_NAME)";
				PROVISIONING_PROFILE = "";
				TEST_HOST = "$(BUILT_PRODUCTS_DIR)/InAppPurchase_Test.app/InAppPurchase_Test";
			};
			name = Debug;
		};
		76F8668619FF57C600D373A2 /* Release */ = {
			isa = XCBuildConfiguration;
			buildSettings = {
				BUNDLE_LOADER = "$(TEST_HOST)";
				CODE_SIGN_IDENTITY = "iPhone Developer";
				"CODE_SIGN_IDENTITY[sdk=iphoneos*]" = "iPhone Developer";
				FRAMEWORK_SEARCH_PATHS = (
					"$(SDKROOT)/Developer/Library/Frameworks",
					"$(inherited)",
				);
				INFOPLIST_FILE = InAppPurchase_TestTests/Info.plist;
				LD_RUNPATH_SEARCH_PATHS = "$(inherited) @executable_path/Frameworks @loader_path/Frameworks";
				PRODUCT_NAME = "$(TARGET_NAME)";
				PROVISIONING_PROFILE = "";
				TEST_HOST = "$(BUILT_PRODUCTS_DIR)/InAppPurchase_Test.app/InAppPurchase_Test";
			};
			name = Release;
		};
/* End XCBuildConfiguration section */

/* Begin XCConfigurationList section */
		76F8665919FF57C600D373A2 /* Build configuration list for PBXProject "InAppPurchase_Test" */ = {
			isa = XCConfigurationList;
			buildConfigurations = (
				76F8667F19FF57C600D373A2 /* Debug */,
				76F8668019FF57C600D373A2 /* Release */,
			);
			defaultConfigurationIsVisible = 0;
			defaultConfigurationName = Release;
		};
		76F8668119FF57C600D373A2 /* Build configuration list for PBXNativeTarget "InAppPurchase_Test" */ = {
			isa = XCConfigurationList;
			buildConfigurations = (
				76F8668219FF57C600D373A2 /* Debug */,
				76F8668319FF57C600D373A2 /* Release */,
			);
			defaultConfigurationIsVisible = 0;
			defaultConfigurationName = Release;
		};
		76F8668419FF57C600D373A2 /* Build configuration list for PBXNativeTarget "InAppPurchase_TestTests" */ = {
			isa = XCConfigurationList;
			buildConfigurations = (
				76F8668519FF57C600D373A2 /* Debug */,
				76F8668619FF57C600D373A2 /* Release */,
			);
			defaultConfigurationIsVisible = 0;
			defaultConfigurationName = Release;
		};
/* End XCConfigurationList section */
	};
	rootObject = 76F8665619FF57C600D373A2 /* Project object */;
}
